// !$*UTF8*$!
{
	archiveVersion = 1;
	classes = {
	};
	objectVersion = 56;
	objects = {

/* Begin PBXBuildFile section */
		F8D45D522CAB4D9100DC1A05 /* AppDelegate.swift in Sources */ = {isa = PBXBuildFile; fileRef = F8D45D512CAB4D9100DC1A05 /* AppDelegate.swift */; };
		F8D45D542CAB4D9100DC1A05 /* SceneDelegate.swift in Sources */ = {isa = PBXBuildFile; fileRef = F8D45D532CAB4D9100DC1A05 /* SceneDelegate.swift */; };
		F8D45D562CAB4D9100DC1A05 /* ViewController.swift in Sources */ = {isa = PBXBuildFile; fileRef = F8D45D552CAB4D9100DC1A05 /* ViewController.swift */; };
		F8D45D592CAB4D9100DC1A05 /* Base in Resources */ = {isa = PBXBuildFile; fileRef = F8D45D582CAB4D9100DC1A05 /* Base */; };
		F8D45D5B2CAB4D9300DC1A05 /* Assets.xcassets in Resources */ = {isa = PBXBuildFile; fileRef = F8D45D5A2CAB4D9300DC1A05 /* Assets.xcassets */; };
		F8D45D5E2CAB4D9300DC1A05 /* Base in Resources */ = {isa = PBXBuildFile; fileRef = F8D45D5D2CAB4D9300DC1A05 /* Base */; };
		F8D45D692CAB4D9400DC1A05 /* BMICalculatorTests.swift in Sources */ = {isa = PBXBuildFile; fileRef = F8D45D682CAB4D9400DC1A05 /* BMICalculatorTests.swift */; };
		F8D45D732CAB4D9400DC1A05 /* BMICalculatorUITests.swift in Sources */ = {isa = PBXBuildFile; fileRef = F8D45D722CAB4D9400DC1A05 /* BMICalculatorUITests.swift */; };
		F8D45D752CAB4D9400DC1A05 /* BMICalculatorUITestsLaunchTests.swift in Sources */ = {isa = PBXBuildFile; fileRef = F8D45D742CAB4D9400DC1A05 /* BMICalculatorUITestsLaunchTests.swift */; };
/* End PBXBuildFile section */

/* Begin PBXContainerItemProxy section */
		F8D45D652CAB4D9400DC1A05 /* PBXContainerItemProxy */ = {
			isa = PBXContainerItemProxy;
			containerPortal = F8D45D462CAB4D9100DC1A05 /* Project object */;
			proxyType = 1;
			remoteGlobalIDString = F8D45D4D2CAB4D9100DC1A05;
			remoteInfo = BMICalculator;
		};
		F8D45D6F2CAB4D9400DC1A05 /* PBXContainerItemProxy */ = {
			isa = PBXContainerItemProxy;
			containerPortal = F8D45D462CAB4D9100DC1A05 /* Project object */;
			proxyType = 1;
			remoteGlobalIDString = F8D45D4D2CAB4D9100DC1A05;
			remoteInfo = BMICalculator;
		};
/* End PBXContainerItemProxy section */

/* Begin PBXFileReference section */
		F8D45D4E2CAB4D9100DC1A05 /* BMICalculator.app */ = {isa = PBXFileReference; explicitFileType = wrapper.application; includeInIndex = 0; path = BMICalculator.app; sourceTree = BUILT_PRODUCTS_DIR; };
		F8D45D512CAB4D9100DC1A05 /* AppDelegate.swift */ = {isa = PBXFileReference; lastKnownFileType = sourcecode.swift; path = AppDelegate.swift; sourceTree = "<group>"; };
		F8D45D532CAB4D9100DC1A05 /* SceneDelegate.swift */ = {isa = PBXFileReference; lastKnownFileType = sourcecode.swift; path = SceneDelegate.swift; sourceTree = "<group>"; };
		F8D45D552CAB4D9100DC1A05 /* ViewController.swift */ = {isa = PBXFileReference; lastKnownFileType = sourcecode.swift; path = ViewController.swift; sourceTree = "<group>"; };
		F8D45D582CAB4D9100DC1A05 /* Base */ = {isa = PBXFileReference; lastKnownFileType = file.storyboard; name = Base; path = Base.lproj/Main.storyboard; sourceTree = "<group>"; };
		F8D45D5A2CAB4D9300DC1A05 /* Assets.xcassets */ = {isa = PBXFileReference; lastKnownFileType = folder.assetcatalog; path = Assets.xcassets; sourceTree = "<group>"; };
		F8D45D5D2CAB4D9300DC1A05 /* Base */ = {isa = PBXFileReference; lastKnownFileType = file.storyboard; name = Base; path = Base.lproj/LaunchScreen.storyboard; sourceTree = "<group>"; };
		F8D45D5F2CAB4D9300DC1A05 /* Info.plist */ = {isa = PBXFileReference; lastKnownFileType = text.plist.xml; path = Info.plist; sourceTree = "<group>"; };
		F8D45D642CAB4D9400DC1A05 /* BMICalculatorTests.xctest */ = {isa = PBXFileReference; explicitFileType = wrapper.cfbundle; includeInIndex = 0; path = BMICalculatorTests.xctest; sourceTree = BUILT_PRODUCTS_DIR; };
		F8D45D682CAB4D9400DC1A05 /* BMICalculatorTests.swift */ = {isa = PBXFileReference; lastKnownFileType = sourcecode.swift; path = BMICalculatorTests.swift; sourceTree = "<group>"; };
		F8D45D6E2CAB4D9400DC1A05 /* BMICalculatorUITests.xctest */ = {isa = PBXFileReference; explicitFileType = wrapper.cfbundle; includeInIndex = 0; path = BMICalculatorUITests.xctest; sourceTree = BUILT_PRODUCTS_DIR; };
		F8D45D722CAB4D9400DC1A05 /* BMICalculatorUITests.swift */ = {isa = PBXFileReference; lastKnownFileType = sourcecode.swift; path = BMICalculatorUITests.swift; sourceTree = "<group>"; };
		F8D45D742CAB4D9400DC1A05 /* BMICalculatorUITestsLaunchTests.swift */ = {isa = PBXFileReference; lastKnownFileType = sourcecode.swift; path = BMICalculatorUITestsLaunchTests.swift; sourceTree = "<group>"; };
/* End PBXFileReference section */

/* Begin PBXFrameworksBuildPhase section */
		F8D45D4B2CAB4D9100DC1A05 /* Frameworks */ = {
			isa = PBXFrameworksBuildPhase;
			buildActionMask = 2147483647;
			files = (
			);
			runOnlyForDeploymentPostprocessing = 0;
		};
		F8D45D612CAB4D9400DC1A05 /* Frameworks */ = {
			isa = PBXFrameworksBuildPhase;
			buildActionMask = 2147483647;
			files = (
			);
			runOnlyForDeploymentPostprocessing = 0;
		};
		F8D45D6B2CAB4D9400DC1A05 /* Frameworks */ = {
			isa = PBXFrameworksBuildPhase;
			buildActionMask = 2147483647;
			files = (
			);
			runOnlyForDeploymentPostprocessing = 0;
		};
/* End PBXFrameworksBuildPhase section */

/* Begin PBXGroup section */
		F8D45D452CAB4D9100DC1A05 = {
			isa = PBXGroup;
			children = (
				F8D45D502CAB4D9100DC1A05 /* BMICalculator */,
				F8D45D672CAB4D9400DC1A05 /* BMICalculatorTests */,
				F8D45D712CAB4D9400DC1A05 /* BMICalculatorUITests */,
				F8D45D4F2CAB4D9100DC1A05 /* Products */,
			);
			sourceTree = "<group>";
		};
		F8D45D4F2CAB4D9100DC1A05 /* Products */ = {
			isa = PBXGroup;
			children = (
				F8D45D4E2CAB4D9100DC1A05 /* BMICalculator.app */,
				F8D45D642CAB4D9400DC1A05 /* BMICalculatorTests.xctest */,
				F8D45D6E2CAB4D9400DC1A05 /* BMICalculatorUITests.xctest */,
			);
			name = Products;
			sourceTree = "<group>";
		};
		F8D45D502CAB4D9100DC1A05 /* BMICalculator */ = {
			isa = PBXGroup;
			children = (
				F8D45D512CAB4D9100DC1A05 /* AppDelegate.swift */,
				F8D45D532CAB4D9100DC1A05 /* SceneDelegate.swift */,
				F8D45D552CAB4D9100DC1A05 /* ViewController.swift */,
				F8D45D572CAB4D9100DC1A05 /* Main.storyboard */,
				F8D45D5A2CAB4D9300DC1A05 /* Assets.xcassets */,
				F8D45D5C2CAB4D9300DC1A05 /* LaunchScreen.storyboard */,
				F8D45D5F2CAB4D9300DC1A05 /* Info.plist */,
			);
			path = BMICalculator;
			sourceTree = "<group>";
		};
		F8D45D672CAB4D9400DC1A05 /* BMICalculatorTests */ = {
			isa = PBXGroup;
			children = (
				F8D45D682CAB4D9400DC1A05 /* BMICalculatorTests.swift */,
			);
			path = BMICalculatorTests;
			sourceTree = "<group>";
		};
		F8D45D712CAB4D9400DC1A05 /* BMICalculatorUITests */ = {
			isa = PBXGroup;
			children = (
				F8D45D722CAB4D9400DC1A05 /* BMICalculatorUITests.swift */,
				F8D45D742CAB4D9400DC1A05 /* BMICalculatorUITestsLaunchTests.swift */,
			);
			path = BMICalculatorUITests;
			sourceTree = "<group>";
		};
/* End PBXGroup section */

/* Begin PBXNativeTarget section */
		F8D45D4D2CAB4D9100DC1A05 /* BMICalculator */ = {
			isa = PBXNativeTarget;
			buildConfigurationList = F8D45D782CAB4D9400DC1A05 /* Build configuration list for PBXNativeTarget "BMICalculator" */;
			buildPhases = (
				F8D45D4A2CAB4D9100DC1A05 /* Sources */,
				F8D45D4B2CAB4D9100DC1A05 /* Frameworks */,
				F8D45D4C2CAB4D9100DC1A05 /* Resources */,
			);
			buildRules = (
			);
			dependencies = (
			);
			name = BMICalculator;
			productName = BMICalculator;
			productReference = F8D45D4E2CAB4D9100DC1A05 /* BMICalculator.app */;
			productType = "com.apple.product-type.application";
		};
		F8D45D632CAB4D9400DC1A05 /* BMICalculatorTests */ = {
			isa = PBXNativeTarget;
			buildConfigurationList = F8D45D7B2CAB4D9400DC1A05 /* Build configuration list for PBXNativeTarget "BMICalculatorTests" */;
			buildPhases = (
				F8D45D602CAB4D9400DC1A05 /* Sources */,
				F8D45D612CAB4D9400DC1A05 /* Frameworks */,
				F8D45D622CAB4D9400DC1A05 /* Resources */,
			);
			buildRules = (
			);
			dependencies = (
				F8D45D662CAB4D9400DC1A05 /* PBXTargetDependency */,
			);
			name = BMICalculatorTests;
			productName = BMICalculatorTests;
			productReference = F8D45D642CAB4D9400DC1A05 /* BMICalculatorTests.xctest */;
			productType = "com.apple.product-type.bundle.unit-test";
		};
		F8D45D6D2CAB4D9400DC1A05 /* BMICalculatorUITests */ = {
			isa = PBXNativeTarget;
			buildConfigurationList = F8D45D7E2CAB4D9400DC1A05 /* Build configuration list for PBXNativeTarget "BMICalculatorUITests" */;
			buildPhases = (
				F8D45D6A2CAB4D9400DC1A05 /* Sources */,
				F8D45D6B2CAB4D9400DC1A05 /* Frameworks */,
				F8D45D6C2CAB4D9400DC1A05 /* Resources */,
			);
			buildRules = (
			);
			dependencies = (
				F8D45D702CAB4D9400DC1A05 /* PBXTargetDependency */,
			);
			name = BMICalculatorUITests;
			productName = BMICalculatorUITests;
			productReference = F8D45D6E2CAB4D9400DC1A05 /* BMICalculatorUITests.xctest */;
			productType = "com.apple.product-type.bundle.ui-testing";
		};
/* End PBXNativeTarget section */

/* Begin PBXProject section */
		F8D45D462CAB4D9100DC1A05 /* Project object */ = {
			isa = PBXProject;
			attributes = {
				BuildIndependentTargetsInParallel = 1;
				LastSwiftUpdateCheck = 1540;
				LastUpgradeCheck = 1540;
				TargetAttributes = {
					F8D45D4D2CAB4D9100DC1A05 = {
						CreatedOnToolsVersion = 15.4;
					};
					F8D45D632CAB4D9400DC1A05 = {
						CreatedOnToolsVersion = 15.4;
						TestTargetID = F8D45D4D2CAB4D9100DC1A05;
					};
					F8D45D6D2CAB4D9400DC1A05 = {
						CreatedOnToolsVersion = 15.4;
						TestTargetID = F8D45D4D2CAB4D9100DC1A05;
					};
				};
			};
			buildConfigurationList = F8D45D492CAB4D9100DC1A05 /* Build configuration list for PBXProject "BMICalculator" */;
			compatibilityVersion = "Xcode 14.0";
			developmentRegion = en;
			hasScannedForEncodings = 0;
			knownRegions = (
				en,
				Base,
			);
			mainGroup = F8D45D452CAB4D9100DC1A05;
			productRefGroup = F8D45D4F2CAB4D9100DC1A05 /* Products */;
			projectDirPath = "";
			projectRoot = "";
			targets = (
				F8D45D4D2CAB4D9100DC1A05 /* BMICalculator */,
				F8D45D632CAB4D9400DC1A05 /* BMICalculatorTests */,
				F8D45D6D2CAB4D9400DC1A05 /* BMICalculatorUITests */,
			);
		};
/* End PBXProject section */

/* Begin PBXResourcesBuildPhase section */
		F8D45D4C2CAB4D9100DC1A05 /* Resources */ = {
			isa = PBXResourcesBuildPhase;
			buildActionMask = 2147483647;
			files = (
				F8D45D5B2CAB4D9300DC1A05 /* Assets.xcassets in Resources */,
				F8D45D5E2CAB4D9300DC1A05 /* Base in Resources */,
				F8D45D592CAB4D9100DC1A05 /* Base in Resources */,
			);
			runOnlyForDeploymentPostprocessing = 0;
		};
		F8D45D622CAB4D9400DC1A05 /* Resources */ = {
			isa = PBXResourcesBuildPhase;
			buildActionMask = 2147483647;
			files = (
			);
			runOnlyForDeploymentPostprocessing = 0;
		};
		F8D45D6C2CAB4D9400DC1A05 /* Resources */ = {
			isa = PBXResourcesBuildPhase;
			buildActionMask = 2147483647;
			files = (
			);
			runOnlyForDeploymentPostprocessing = 0;
		};
/* End PBXResourcesBuildPhase section */

/* Begin PBXSourcesBuildPhase section */
		F8D45D4A2CAB4D9100DC1A05 /* Sources */ = {
			isa = PBXSourcesBuildPhase;
			buildActionMask = 2147483647;
			files = (
				F8D45D562CAB4D9100DC1A05 /* ViewController.swift in Sources */,
				F8D45D522CAB4D9100DC1A05 /* AppDelegate.swift in Sources */,
				F8D45D542CAB4D9100DC1A05 /* SceneDelegate.swift in Sources */,
			);
			runOnlyForDeploymentPostprocessing = 0;
		};
		F8D45D602CAB4D9400DC1A05 /* Sources */ = {
			isa = PBXSourcesBuildPhase;
			buildActionMask = 2147483647;
			files = (
				F8D45D692CAB4D9400DC1A05 /* BMICalculatorTests.swift in Sources */,
			);
			runOnlyForDeploymentPostprocessing = 0;
		};
		F8D45D6A2CAB4D9400DC1A05 /* Sources */ = {
			isa = PBXSourcesBuildPhase;
			buildActionMask = 2147483647;
			files = (
				F8D45D732CAB4D9400DC1A05 /* BMICalculatorUITests.swift in Sources */,
				F8D45D752CAB4D9400DC1A05 /* BMICalculatorUITestsLaunchTests.swift in Sources */,
			);
			runOnlyForDeploymentPostprocessing = 0;
		};
/* End PBXSourcesBuildPhase section */

/* Begin PBXTargetDependency section */
		F8D45D662CAB4D9400DC1A05 /* PBXTargetDependency */ = {
			isa = PBXTargetDependency;
			target = F8D45D4D2CAB4D9100DC1A05 /* BMICalculator */;
			targetProxy = F8D45D652CAB4D9400DC1A05 /* PBXContainerItemProxy */;
		};
		F8D45D702CAB4D9400DC1A05 /* PBXTargetDependency */ = {
			isa = PBXTargetDependency;
			target = F8D45D4D2CAB4D9100DC1A05 /* BMICalculator */;
			targetProxy = F8D45D6F2CAB4D9400DC1A05 /* PBXContainerItemProxy */;
		};
/* End PBXTargetDependency section */

/* Begin PBXVariantGroup section */
		F8D45D572CAB4D9100DC1A05 /* Main.storyboard */ = {
			isa = PBXVariantGroup;
			children = (
				F8D45D582CAB4D9100DC1A05 /* Base */,
			);
			name = Main.storyboard;
			sourceTree = "<group>";
		};
		F8D45D5C2CAB4D9300DC1A05 /* LaunchScreen.storyboard */ = {
			isa = PBXVariantGroup;
			children = (
				F8D45D5D2CAB4D9300DC1A05 /* Base */,
			);
			name = LaunchScreen.storyboard;
			sourceTree = "<group>";
		};
/* End PBXVariantGroup section */

/* Begin XCBuildConfiguration section */
		F8D45D762CAB4D9400DC1A05 /* Debug */ = {
			isa = XCBuildConfiguration;
			buildSettings = {
				ALWAYS_SEARCH_USER_PATHS = NO;
				ASSETCATALOG_COMPILER_GENERATE_SWIFT_ASSET_SYMBOL_EXTENSIONS = YES;
				CLANG_ANALYZER_NONNULL = YES;
				CLANG_ANALYZER_NUMBER_OBJECT_CONVERSION = YES_AGGRESSIVE;
				CLANG_CXX_LANGUAGE_STANDARD = "gnu++20";
				CLANG_ENABLE_MODULES = YES;
				CLANG_ENABLE_OBJC_ARC = YES;
				CLANG_ENABLE_OBJC_WEAK = YES;
				CLANG_WARN_BLOCK_CAPTURE_AUTORELEASING = YES;
				CLANG_WARN_BOOL_CONVERSION = YES;
				CLANG_WARN_COMMA = YES;
				CLANG_WARN_CONSTANT_CONVERSION = YES;
				CLANG_WARN_DEPRECATED_OBJC_IMPLEMENTATIONS = YES;
				CLANG_WARN_DIRECT_OBJC_ISA_USAGE = YES_ERROR;
				CLANG_WARN_DOCUMENTATION_COMMENTS = YES;
				CLANG_WARN_EMPTY_BODY = YES;
				CLANG_WARN_ENUM_CONVERSION = YES;
				CLANG_WARN_INFINITE_RECURSION = YES;
				CLANG_WARN_INT_CONVERSION = YES;
				CLANG_WARN_NON_LITERAL_NULL_CONVERSION = YES;
				CLANG_WARN_OBJC_IMPLICIT_RETAIN_SELF = YES;
				CLANG_WARN_OBJC_LITERAL_CONVERSION = YES;
				CLANG_WARN_OBJC_ROOT_CLASS = YES_ERROR;
				CLANG_WARN_QUOTED_INCLUDE_IN_FRAMEWORK_HEADER = YES;
				CLANG_WARN_RANGE_LOOP_ANALYSIS = YES;
				CLANG_WARN_STRICT_PROTOTYPES = YES;
				CLANG_WARN_SUSPICIOUS_MOVE = YES;
				CLANG_WARN_UNGUARDED_AVAILABILITY = YES_AGGRESSIVE;
				CLANG_WARN_UNREACHABLE_CODE = YES;
				CLANG_WARN__DUPLICATE_METHOD_MATCH = YES;
				COPY_PHASE_STRIP = NO;
				DEBUG_INFORMATION_FORMAT = dwarf;
				ENABLE_STRICT_OBJC_MSGSEND = YES;
				ENABLE_TESTABILITY = YES;
				ENABLE_USER_SCRIPT_SANDBOXING = YES;
				GCC_C_LANGUAGE_STANDARD = gnu17;
				GCC_DYNAMIC_NO_PIC = NO;
				GCC_NO_COMMON_BLOCKS = YES;
				GCC_OPTIMIZATION_LEVEL = 0;
				GCC_PREPROCESSOR_DEFINITIONS = (
					"DEBUG=1",
					"$(inherited)",
				);
				GCC_WARN_64_TO_32_BIT_CONVERSION = YES;
				GCC_WARN_ABOUT_RETURN_TYPE = YES_ERROR;
				GCC_WARN_UNDECLARED_SELECTOR = YES;
				GCC_WARN_UNINITIALIZED_AUTOS = YES_AGGRESSIVE;
				GCC_WARN_UNUSED_FUNCTION = YES;
				GCC_WARN_UNUSED_VARIABLE = YES;
				IPHONEOS_DEPLOYMENT_TARGET = 17.5;
				LOCALIZATION_PREFERS_STRING_CATALOGS = YES;
				MTL_ENABLE_DEBUG_INFO = INCLUDE_SOURCE;
				MTL_FAST_MATH = YES;
				ONLY_ACTIVE_ARCH = YES;
				SDKROOT = iphoneos;
				SWIFT_ACTIVE_COMPILATION_CONDITIONS = "DEBUG $(inherited)";
				SWIFT_OPTIMIZATION_LEVEL = "-Onone";
			};
			name = Debug;
		};
		F8D45D772CAB4D9400DC1A05 /* Release */ = {
			isa = XCBuildConfiguration;
			buildSettings = {
				ALWAYS_SEARCH_USER_PATHS = NO;
				ASSETCATALOG_COMPILER_GENERATE_SWIFT_ASSET_SYMBOL_EXTENSIONS = YES;
				CLANG_ANALYZER_NONNULL = YES;
				CLANG_ANALYZER_NUMBER_OBJECT_CONVERSION = YES_AGGRESSIVE;
				CLANG_CXX_LANGUAGE_STANDARD = "gnu++20";
				CLANG_ENABLE_MODULES = YES;
				CLANG_ENABLE_OBJC_ARC = YES;
				CLANG_ENABLE_OBJC_WEAK = YES;
				CLANG_WARN_BLOCK_CAPTURE_AUTORELEASING = YES;
				CLANG_WARN_BOOL_CONVERSION = YES;
				CLANG_WARN_COMMA = YES;
				CLANG_WARN_CONSTANT_CONVERSION = YES;
				CLANG_WARN_DEPRECATED_OBJC_IMPLEMENTATIONS = YES;
				CLANG_WARN_DIRECT_OBJC_ISA_USAGE = YES_ERROR;
				CLANG_WARN_DOCUMENTATION_COMMENTS = YES;
				CLANG_WARN_EMPTY_BODY = YES;
				CLANG_WARN_ENUM_CONVERSION = YES;
				CLANG_WARN_INFINITE_RECURSION = YES;
				CLANG_WARN_INT_CONVERSION = YES;
				CLANG_WARN_NON_LITERAL_NULL_CONVERSION = YES;
				CLANG_WARN_OBJC_IMPLICIT_RETAIN_SELF = YES;
				CLANG_WARN_OBJC_LITERAL_CONVERSION = YES;
				CLANG_WARN_OBJC_ROOT_CLASS = YES_ERROR;
				CLANG_WARN_QUOTED_INCLUDE_IN_FRAMEWORK_HEADER = YES;
				CLANG_WARN_RANGE_LOOP_ANALYSIS = YES;
				CLANG_WARN_STRICT_PROTOTYPES = YES;
				CLANG_WARN_SUSPICIOUS_MOVE = YES;
				CLANG_WARN_UNGUARDED_AVAILABILITY = YES_AGGRESSIVE;
				CLANG_WARN_UNREACHABLE_CODE = YES;
				CLANG_WARN__DUPLICATE_METHOD_MATCH = YES;
				COPY_PHASE_STRIP = NO;
				DEBUG_INFORMATION_FORMAT = "dwarf-with-dsym";
				ENABLE_NS_ASSERTIONS = NO;
				ENABLE_STRICT_OBJC_MSGSEND = YES;
				ENABLE_USER_SCRIPT_SANDBOXING = YES;
				GCC_C_LANGUAGE_STANDARD = gnu17;
				GCC_NO_COMMON_BLOCKS = YES;
				GCC_WARN_64_TO_32_BIT_CONVERSION = YES;
				GCC_WARN_ABOUT_RETURN_TYPE = YES_ERROR;
				GCC_WARN_UNDECLARED_SELECTOR = YES;
				GCC_WARN_UNINITIALIZED_AUTOS = YES_AGGRESSIVE;
				GCC_WARN_UNUSED_FUNCTION = YES;
				GCC_WARN_UNUSED_VARIABLE = YES;
				IPHONEOS_DEPLOYMENT_TARGET = 17.5;
				LOCALIZATION_PREFERS_STRING_CATALOGS = YES;
				MTL_ENABLE_DEBUG_INFO = NO;
				MTL_FAST_MATH = YES;
				SDKROOT = iphoneos;
				SWIFT_COMPILATION_MODE = wholemodule;
				VALIDATE_PRODUCT = YES;
			};
			name = Release;
		};
		F8D45D792CAB4D9400DC1A05 /* Debug */ = {
			isa = XCBuildConfiguration;
			buildSettings = {
				ASSETCATALOG_COMPILER_APPICON_NAME = AppIcon;
				ASSETCATALOG_COMPILER_GLOBAL_ACCENT_COLOR_NAME = AccentColor;
				CODE_SIGN_STYLE = Automatic;
				CURRENT_PROJECT_VERSION = 1;
				GENERATE_INFOPLIST_FILE = YES;
				INFOPLIST_FILE = BMICalculator/Info.plist;
				INFOPLIST_KEY_UIApplicationSupportsIndirectInputEvents = YES;
				INFOPLIST_KEY_UILaunchStoryboardName = LaunchScreen;
				INFOPLIST_KEY_UIMainStoryboardFile = Main;
				INFOPLIST_KEY_UISupportedInterfaceOrientations_iPad = "UIInterfaceOrientationPortrait UIInterfaceOrientationPortraitUpsideDown UIInterfaceOrientationLandscapeLeft UIInterfaceOrientationLandscapeRight";
				INFOPLIST_KEY_UISupportedInterfaceOrientations_iPhone = "UIInterfaceOrientationPortrait UIInterfaceOrientationLandscapeLeft UIInterfaceOrientationLandscapeRight";
				LD_RUNPATH_SEARCH_PATHS = (
					"$(inherited)",
					"@executable_path/Frameworks",
				);
				MARKETING_VERSION = 1.0;
				PRODUCT_BUNDLE_IDENTIFIER = n01596114.BMICalculator;
				PRODUCT_NAME = "$(TARGET_NAME)";
				SWIFT_EMIT_LOC_STRINGS = YES;
				SWIFT_VERSION = 5.0;
				TARGETED_DEVICE_FAMILY = "1,2";
			};
			name = Debug;
		};
		F8D45D7A2CAB4D9400DC1A05 /* Release */ = {
			isa = XCBuildConfiguration;
			buildSettings = {
				ASSETCATALOG_COMPILER_APPICON_NAME = AppIcon;
				ASSETCATALOG_COMPILER_GLOBAL_ACCENT_COLOR_NAME = AccentColor;
				CODE_SIGN_STYLE = Automatic;
				CURRENT_PROJECT_VERSION = 1;
				GENERATE_INFOPLIST_FILE = YES;
				INFOPLIST_FILE = BMICalculator/Info.plist;
				INFOPLIST_KEY_UIApplicationSupportsIndirectInputEvents = YES;
				INFOPLIST_KEY_UILaunchStoryboardName = LaunchScreen;
				INFOPLIST_KEY_UIMainStoryboardFile = Main;
				INFOPLIST_KEY_UISupportedInterfaceOrientations_iPad = "UIInterfaceOrientationPortrait UIInterfaceOrientationPortraitUpsideDown UIInterfaceOrientationLandscapeLeft UIInterfaceOrientationLandscapeRight";
				INFOPLIST_KEY_UISupportedInterfaceOrientations_iPhone = "UIInterfaceOrientationPortrait UIInterfaceOrientationLandscapeLeft UIInterfaceOrientationLandscapeRight";
				LD_RUNPATH_SEARCH_PATHS = (
					"$(inherited)",
					"@executable_path/Frameworks",
				);
				MARKETING_VERSION = 1.0;
				PRODUCT_BUNDLE_IDENTIFIER = n01596114.BMICalculator;
				PRODUCT_NAME = "$(TARGET_NAME)";
				SWIFT_EMIT_LOC_STRINGS = YES;
				SWIFT_VERSION = 5.0;
				TARGETED_DEVICE_FAMILY = "1,2";
			};
			name = Release;
		};
		F8D45D7C2CAB4D9400DC1A05 /* Debug */ = {
			isa = XCBuildConfiguration;
			buildSettings = {
				ALWAYS_EMBED_SWIFT_STANDARD_LIBRARIES = YES;
				BUNDLE_LOADER = "$(TEST_HOST)";
				CODE_SIGN_STYLE = Automatic;
				CURRENT_PROJECT_VERSION = 1;
				GENERATE_INFOPLIST_FILE = YES;
				IPHONEOS_DEPLOYMENT_TARGET = 17.5;
				MARKETING_VERSION = 1.0;
				PRODUCT_BUNDLE_IDENTIFIER = n01596114.BMICalculatorTests;
				PRODUCT_NAME = "$(TARGET_NAME)";
				SWIFT_EMIT_LOC_STRINGS = NO;
				SWIFT_VERSION = 5.0;
				TARGETED_DEVICE_FAMILY = "1,2";
				TEST_HOST = "$(BUILT_PRODUCTS_DIR)/BMICalculator.app/$(BUNDLE_EXECUTABLE_FOLDER_PATH)/BMICalculator";
			};
			name = Debug;
		};
		F8D45D7D2CAB4D9400DC1A05 /* Release */ = {
			isa = XCBuildConfiguration;
			buildSettings = {
				ALWAYS_EMBED_SWIFT_STANDARD_LIBRARIES = YES;
				BUNDLE_LOADER = "$(TEST_HOST)";
				CODE_SIGN_STYLE = Automatic;
				CURRENT_PROJECT_VERSION = 1;
				GENERATE_INFOPLIST_FILE = YES;
				IPHONEOS_DEPLOYMENT_TARGET = 17.5;
				MARKETING_VERSION = 1.0;
				PRODUCT_BUNDLE_IDENTIFIER = n01596114.BMICalculatorTests;
				PRODUCT_NAME = "$(TARGET_NAME)";
				SWIFT_EMIT_LOC_STRINGS = NO;
				SWIFT_VERSION = 5.0;
				TARGETED_DEVICE_FAMILY = "1,2";
				TEST_HOST = "$(BUILT_PRODUCTS_DIR)/BMICalculator.app/$(BUNDLE_EXECUTABLE_FOLDER_PATH)/BMICalculator";
			};
			name = Release;
		};
		F8D45D7F2CAB4D9400DC1A05 /* Debug */ = {
			isa = XCBuildConfiguration;
			buildSettings = {
				ALWAYS_EMBED_SWIFT_STANDARD_LIBRARIES = YES;
				CODE_SIGN_STYLE = Automatic;
				CURRENT_PROJECT_VERSION = 1;
				GENERATE_INFOPLIST_FILE = YES;
				MARKETING_VERSION = 1.0;
				PRODUCT_BUNDLE_IDENTIFIER = n01596114.BMICalculatorUITests;
				PRODUCT_NAME = "$(TARGET_NAME)";
				SWIFT_EMIT_LOC_STRINGS = NO;
				SWIFT_VERSION = 5.0;
				TARGETED_DEVICE_FAMILY = "1,2";
				TEST_TARGET_NAME = BMICalculator;
			};
			name = Debug;
		};
		F8D45D802CAB4D9400DC1A05 /* Release */ = {
			isa = XCBuildConfiguration;
			buildSettings = {
				ALWAYS_EMBED_SWIFT_STANDARD_LIBRARIES = YES;
				CODE_SIGN_STYLE = Automatic;
				CURRENT_PROJECT_VERSION = 1;
				GENERATE_INFOPLIST_FILE = YES;
				MARKETING_VERSION = 1.0;
				PRODUCT_BUNDLE_IDENTIFIER = n01596114.BMICalculatorUITests;
				PRODUCT_NAME = "$(TARGET_NAME)";
				SWIFT_EMIT_LOC_STRINGS = NO;
				SWIFT_VERSION = 5.0;
				TARGETED_DEVICE_FAMILY = "1,2";
				TEST_TARGET_NAME = BMICalculator;
			};
			name = Release;
		};
/* End XCBuildConfiguration section */

/* Begin XCConfigurationList section */
		F8D45D492CAB4D9100DC1A05 /* Build configuration list for PBXProject "BMICalculator" */ = {
			isa = XCConfigurationList;
			buildConfigurations = (
				F8D45D762CAB4D9400DC1A05 /* Debug */,
				F8D45D772CAB4D9400DC1A05 /* Release */,
			);
			defaultConfigurationIsVisible = 0;
			defaultConfigurationName = Release;
		};
		F8D45D782CAB4D9400DC1A05 /* Build configuration list for PBXNativeTarget "BMICalculator" */ = {
			isa = XCConfigurationList;
			buildConfigurations = (
				F8D45D792CAB4D9400DC1A05 /* Debug */,
				F8D45D7A2CAB4D9400DC1A05 /* Release */,
			);
			defaultConfigurationIsVisible = 0;
			defaultConfigurationName = Release;
		};
		F8D45D7B2CAB4D9400DC1A05 /* Build configuration list for PBXNativeTarget "BMICalculatorTests" */ = {
			isa = XCConfigurationList;
			buildConfigurations = (
				F8D45D7C2CAB4D9400DC1A05 /* Debug */,
				F8D45D7D2CAB4D9400DC1A05 /* Release */,
			);
			defaultConfigurationIsVisible = 0;
			defaultConfigurationName = Release;
		};
		F8D45D7E2CAB4D9400DC1A05 /* Build configuration list for PBXNativeTarget "BMICalculatorUITests" */ = {
			isa = XCConfigurationList;
			buildConfigurations = (
				F8D45D7F2CAB4D9400DC1A05 /* Debug */,
				F8D45D802CAB4D9400DC1A05 /* Release */,
			);
			defaultConfigurationIsVisible = 0;
			defaultConfigurationName = Release;
		};
/* End XCConfigurationList section */
	};
	rootObject = F8D45D462CAB4D9100DC1A05 /* Project object */;
}
